// !$*UTF8*$!
{
	archiveVersion = 1;
	classes = {
	};
	objectVersion = 46;
	objects = {

/* Begin PBXBuildFile section */
		845299131A6C4CF80054D78B /* AppDelegate.swift in Sources */ = {isa = PBXBuildFile; fileRef = 845299121A6C4CF80054D78B /* AppDelegate.swift */; };
		845299151A6C4CF80054D78B /* ViewController.swift in Sources */ = {isa = PBXBuildFile; fileRef = 845299141A6C4CF80054D78B /* ViewController.swift */; };
		845299181A6C4CF80054D78B /* Main.storyboard in Resources */ = {isa = PBXBuildFile; fileRef = 845299161A6C4CF80054D78B /* Main.storyboard */; };
		8452991A1A6C4CF80054D78B /* Images.xcassets in Resources */ = {isa = PBXBuildFile; fileRef = 845299191A6C4CF80054D78B /* Images.xcassets */; };
		8452991D1A6C4CF80054D78B /* LaunchScreen.xib in Resources */ = {isa = PBXBuildFile; fileRef = 8452991B1A6C4CF80054D78B /* LaunchScreen.xib */; };
		845299291A6C4CF90054D78B /* StormyTests.swift in Sources */ = {isa = PBXBuildFile; fileRef = 845299281A6C4CF90054D78B /* StormyTests.swift */; };
/* End PBXBuildFile section */

/* Begin PBXContainerItemProxy section */
		845299231A6C4CF90054D78B /* PBXContainerItemProxy */ = {
			isa = PBXContainerItemProxy;
			containerPortal = 845299051A6C4CF80054D78B /* Project object */;
			proxyType = 1;
			remoteGlobalIDString = 8452990C1A6C4CF80054D78B;
			remoteInfo = Stormy;
		};
/* End PBXContainerItemProxy section */

/* Begin PBXFileReference section */
		8452990D1A6C4CF80054D78B /* Stormy.app */ = {isa = PBXFileReference; explicitFileType = wrapper.application; includeInIndex = 0; path = Stormy.app; sourceTree = BUILT_PRODUCTS_DIR; };
		845299111A6C4CF80054D78B /* Info.plist */ = {isa = PBXFileReference; lastKnownFileType = text.plist.xml; path = Info.plist; sourceTree = "<group>"; };
		845299121A6C4CF80054D78B /* AppDelegate.swift */ = {isa = PBXFileReference; lastKnownFileType = sourcecode.swift; path = AppDelegate.swift; sourceTree = "<group>"; };
		845299141A6C4CF80054D78B /* ViewController.swift */ = {isa = PBXFileReference; lastKnownFileType = sourcecode.swift; path = ViewController.swift; sourceTree = "<group>"; };
		845299171A6C4CF80054D78B /* Base */ = {isa = PBXFileReference; lastKnownFileType = file.storyboard; name = Base; path = Base.lproj/Main.storyboard; sourceTree = "<group>"; };
		845299191A6C4CF80054D78B /* Images.xcassets */ = {isa = PBXFileReference; lastKnownFileType = folder.assetcatalog; path = Images.xcassets; sourceTree = "<group>"; };
		8452991C1A6C4CF80054D78B /* Base */ = {isa = PBXFileReference; lastKnownFileType = file.xib; name = Base; path = Base.lproj/LaunchScreen.xib; sourceTree = "<group>"; };
		845299221A6C4CF90054D78B /* StormyTests.xctest */ = {isa = PBXFileReference; explicitFileType = wrapper.cfbundle; includeInIndex = 0; path = StormyTests.xctest; sourceTree = BUILT_PRODUCTS_DIR; };
		845299271A6C4CF90054D78B /* Info.plist */ = {isa = PBXFileReference; lastKnownFileType = text.plist.xml; path = Info.plist; sourceTree = "<group>"; };
		845299281A6C4CF90054D78B /* StormyTests.swift */ = {isa = PBXFileReference; lastKnownFileType = sourcecode.swift; path = StormyTests.swift; sourceTree = "<group>"; };
/* End PBXFileReference section */

/* Begin PBXFrameworksBuildPhase section */
		8452990A1A6C4CF80054D78B /* Frameworks */ = {
			isa = PBXFrameworksBuildPhase;
			buildActionMask = 2147483647;
			files = (
			);
			runOnlyForDeploymentPostprocessing = 0;
		};
		8452991F1A6C4CF90054D78B /* Frameworks */ = {
			isa = PBXFrameworksBuildPhase;
			buildActionMask = 2147483647;
			files = (
			);
			runOnlyForDeploymentPostprocessing = 0;
		};
/* End PBXFrameworksBuildPhase section */

/* Begin PBXGroup section */
		845299041A6C4CF80054D78B = {
			isa = PBXGroup;
			children = (
				8452990F1A6C4CF80054D78B /* Stormy */,
				845299251A6C4CF90054D78B /* StormyTests */,
				8452990E1A6C4CF80054D78B /* Products */,
			);
			sourceTree = "<group>";
		};
		8452990E1A6C4CF80054D78B /* Products */ = {
			isa = PBXGroup;
			children = (
				8452990D1A6C4CF80054D78B /* Stormy.app */,
				845299221A6C4CF90054D78B /* StormyTests.xctest */,
			);
			name = Products;
			sourceTree = "<group>";
		};
		8452990F1A6C4CF80054D78B /* Stormy */ = {
			isa = PBXGroup;
			children = (
				845299121A6C4CF80054D78B /* AppDelegate.swift */,
				845299141A6C4CF80054D78B /* ViewController.swift */,
				845299161A6C4CF80054D78B /* Main.storyboard */,
				845299191A6C4CF80054D78B /* Images.xcassets */,
				8452991B1A6C4CF80054D78B /* LaunchScreen.xib */,
				845299101A6C4CF80054D78B /* Supporting Files */,
			);
			path = Stormy;
			sourceTree = "<group>";
		};
		845299101A6C4CF80054D78B /* Supporting Files */ = {
			isa = PBXGroup;
			children = (
				845299111A6C4CF80054D78B /* Info.plist */,
			);
			name = "Supporting Files";
			sourceTree = "<group>";
		};
		845299251A6C4CF90054D78B /* StormyTests */ = {
			isa = PBXGroup;
			children = (
				845299281A6C4CF90054D78B /* StormyTests.swift */,
				845299261A6C4CF90054D78B /* Supporting Files */,
			);
			path = StormyTests;
			sourceTree = "<group>";
		};
		845299261A6C4CF90054D78B /* Supporting Files */ = {
			isa = PBXGroup;
			children = (
				845299271A6C4CF90054D78B /* Info.plist */,
			);
			name = "Supporting Files";
			sourceTree = "<group>";
		};
/* End PBXGroup section */

/* Begin PBXNativeTarget section */
		8452990C1A6C4CF80054D78B /* Stormy */ = {
			isa = PBXNativeTarget;
			buildConfigurationList = 8452992C1A6C4CF90054D78B /* Build configuration list for PBXNativeTarget "Stormy" */;
			buildPhases = (
				845299091A6C4CF80054D78B /* Sources */,
				8452990A1A6C4CF80054D78B /* Frameworks */,
				8452990B1A6C4CF80054D78B /* Resources */,
			);
			buildRules = (
			);
			dependencies = (
			);
			name = Stormy;
			productName = Stormy;
			productReference = 8452990D1A6C4CF80054D78B /* Stormy.app */;
			productType = "com.apple.product-type.application";
		};
		845299211A6C4CF90054D78B /* StormyTests */ = {
			isa = PBXNativeTarget;
			buildConfigurationList = 8452992F1A6C4CF90054D78B /* Build configuration list for PBXNativeTarget "StormyTests" */;
			buildPhases = (
				8452991E1A6C4CF90054D78B /* Sources */,
				8452991F1A6C4CF90054D78B /* Frameworks */,
				845299201A6C4CF90054D78B /* Resources */,
			);
			buildRules = (
			);
			dependencies = (
				845299241A6C4CF90054D78B /* PBXTargetDependency */,
			);
			name = StormyTests;
			productName = StormyTests;
			productReference = 845299221A6C4CF90054D78B /* StormyTests.xctest */;
			productType = "com.apple.product-type.bundle.unit-test";
		};
/* End PBXNativeTarget section */

/* Begin PBXProject section */
		845299051A6C4CF80054D78B /* Project object */ = {
			isa = PBXProject;
			attributes = {
				LastUpgradeCheck = 0600;
				ORGANIZATIONNAME = fastman;
				TargetAttributes = {
					8452990C1A6C4CF80054D78B = {
						CreatedOnToolsVersion = 6.0;
					};
					845299211A6C4CF90054D78B = {
						CreatedOnToolsVersion = 6.0;
						TestTargetID = 8452990C1A6C4CF80054D78B;
					};
				};
			};
			buildConfigurationList = 845299081A6C4CF80054D78B /* Build configuration list for PBXProject "Stormy" */;
			compatibilityVersion = "Xcode 3.2";
			developmentRegion = English;
			hasScannedForEncodings = 0;
			knownRegions = (
				en,
				Base,
			);
			mainGroup = 845299041A6C4CF80054D78B;
			productRefGroup = 8452990E1A6C4CF80054D78B /* Products */;
			projectDirPath = "";
			projectRoot = "";
			targets = (
				8452990C1A6C4CF80054D78B /* Stormy */,
				845299211A6C4CF90054D78B /* StormyTests */,
			);
		};
/* End PBXProject section */

/* Begin PBXResourcesBuildPhase section */
		8452990B1A6C4CF80054D78B /* Resources */ = {
			isa = PBXResourcesBuildPhase;
			buildActionMask = 2147483647;
			files = (
				845299181A6C4CF80054D78B /* Main.storyboard in Resources */,
				8452991D1A6C4CF80054D78B /* LaunchScreen.xib in Resources */,
				8452991A1A6C4CF80054D78B /* Images.xcassets in Resources */,
			);
			runOnlyForDeploymentPostprocessing = 0;
		};
		845299201A6C4CF90054D78B /* Resources */ = {
			isa = PBXResourcesBuildPhase;
			buildActionMask = 2147483647;
			files = (
			);
			runOnlyForDeploymentPostprocessing = 0;
		};
/* End PBXResourcesBuildPhase section */

/* Begin PBXSourcesBuildPhase section */
		845299091A6C4CF80054D78B /* Sources */ = {
			isa = PBXSourcesBuildPhase;
			buildActionMask = 2147483647;
			files = (
				845299151A6C4CF80054D78B /* ViewController.swift in Sources */,
				845299131A6C4CF80054D78B /* AppDelegate.swift in Sources */,
			);
			runOnlyForDeploymentPostprocessing = 0;
		};
		8452991E1A6C4CF90054D78B /* Sources */ = {
			isa = PBXSourcesBuildPhase;
			buildActionMask = 2147483647;
			files = (
				845299291A6C4CF90054D78B /* StormyTests.swift in Sources */,
			);
			runOnlyForDeploymentPostprocessing = 0;
		};
/* End PBXSourcesBuildPhase section */

/* Begin PBXTargetDependency section */
		845299241A6C4CF90054D78B /* PBXTargetDependency */ = {
			isa = PBXTargetDependency;
			target = 8452990C1A6C4CF80054D78B /* Stormy */;
			targetProxy = 845299231A6C4CF90054D78B /* PBXContainerItemProxy */;
		};
/* End PBXTargetDependency section */

/* Begin PBXVariantGroup section */
		845299161A6C4CF80054D78B /* Main.storyboard */ = {
			isa = PBXVariantGroup;
			children = (
				845299171A6C4CF80054D78B /* Base */,
			);
			name = Main.storyboard;
			sourceTree = "<group>";
		};
		8452991B1A6C4CF80054D78B /* LaunchScreen.xib */ = {
			isa = PBXVariantGroup;
			children = (
				8452991C1A6C4CF80054D78B /* Base */,
			);
			name = LaunchScreen.xib;
			sourceTree = "<group>";
		};
/* End PBXVariantGroup section */

/* Begin XCBuildConfiguration section */
		8452992A1A6C4CF90054D78B /* Debug */ = {
			isa = XCBuildConfiguration;
			buildSettings = {
				ALWAYS_SEARCH_USER_PATHS = NO;
				CLANG_CXX_LANGUAGE_STANDARD = "gnu++0x";
				CLANG_CXX_LIBRARY = "libc++";
				CLANG_ENABLE_MODULES = YES;
				CLANG_ENABLE_OBJC_ARC = YES;
				CLANG_WARN_BOOL_CONVERSION = YES;
				CLANG_WARN_CONSTANT_CONVERSION = YES;
				CLANG_WARN_DIRECT_OBJC_ISA_USAGE = YES_ERROR;
				CLANG_WARN_EMPTY_BODY = YES;
				CLANG_WARN_ENUM_CONVERSION = YES;
				CLANG_WARN_INT_CONVERSION = YES;
				CLANG_WARN_OBJC_ROOT_CLASS = YES_ERROR;
				CLANG_WARN_UNREACHABLE_CODE = YES;
				CLANG_WARN__DUPLICATE_METHOD_MATCH = YES;
				"CODE_SIGN_IDENTITY[sdk=iphoneos*]" = "iPhone Developer";
				COPY_PHASE_STRIP = NO;
				ENABLE_STRICT_OBJC_MSGSEND = YES;
				GCC_C_LANGUAGE_STANDARD = gnu99;
				GCC_DYNAMIC_NO_PIC = NO;
				GCC_OPTIMIZATION_LEVEL = 0;
				GCC_PREPROCESSOR_DEFINITIONS = (
					"DEBUG=1",
					"$(inherited)",
				);
				GCC_SYMBOLS_PRIVATE_EXTERN = NO;
				GCC_WARN_64_TO_32_BIT_CONVERSION = YES;
				GCC_WARN_ABOUT_RETURN_TYPE = YES_ERROR;
				GCC_WARN_UNDECLARED_SELECTOR = YES;
				GCC_WARN_UNINITIALIZED_AUTOS = YES_AGGRESSIVE;
				GCC_WARN_UNUSED_FUNCTION = YES;
				GCC_WARN_UNUSED_VARIABLE = YES;
				IPHONEOS_DEPLOYMENT_TARGET = 8.0;
				MTL_ENABLE_DEBUG_INFO = YES;
				ONLY_ACTIVE_ARCH = YES;
				SDKROOT = iphoneos;
				SWIFT_OPTIMIZATION_LEVEL = "-Onone";
			};
			name = Debug;
		};
		8452992B1A6C4CF90054D78B /* Release */ = {
			isa = XCBuildConfiguration;
			buildSettings = {
				ALWAYS_SEARCH_USER_PATHS = NO;
				CLANG_CXX_LANGUAGE_STANDARD = "gnu++0x";
				CLANG_CXX_LIBRARY = "libc++";
				CLANG_ENABLE_MODULES = YES;
				CLANG_ENABLE_OBJC_ARC = YES;
				CLANG_WARN_BOOL_CONVERSION = YES;
				CLANG_WARN_CONSTANT_CONVERSION = YES;
				CLANG_WARN_DIRECT_OBJC_ISA_USAGE = YES_ERROR;
				CLANG_WARN_EMPTY_BODY = YES;
				CLANG_WARN_ENUM_CONVERSION = YES;
				CLANG_WARN_INT_CONVERSION = YES;
				CLANG_WARN_OBJC_ROOT_CLASS = YES_ERROR;
				CLANG_WARN_UNREACHABLE_CODE = YES;
				CLANG_WARN__DUPLICATE_METHOD_MATCH = YES;
				"CODE_SIGN_IDENTITY[sdk=iphoneos*]" = "iPhone Developer";
				COPY_PHASE_STRIP = YES;
				ENABLE_NS_ASSERTIONS = NO;
				ENABLE_STRICT_OBJC_MSGSEND = YES;
				GCC_C_LANGUAGE_STANDARD = gnu99;
				GCC_WARN_64_TO_32_BIT_CONVERSION = YES;
				GCC_WARN_ABOUT_RETURN_TYPE = YES_ERROR;
				GCC_WARN_UNDECLARED_SELECTOR = YES;
				GCC_WARN_UNINITIALIZED_AUTOS = YES_AGGRESSIVE;
				GCC_WARN_UNUSED_FUNCTION = YES;
				GCC_WARN_UNUSED_VARIABLE = YES;
				IPHONEOS_DEPLOYMENT_TARGET = 8.0;
				MTL_ENABLE_DEBUG_INFO = NO;
				SDKROOT = iphoneos;
				VALIDATE_PRODUCT = YES;
			};
			name = Release;
		};
		8452992D1A6C4CF90054D78B /* Debug */ = {
			isa = XCBuildConfiguration;
			buildSettings = {
				ASSETCATALOG_COMPILER_APPICON_NAME = AppIcon;
				INFOPLIST_FILE = Stormy/Info.plist;
				LD_RUNPATH_SEARCH_PATHS = "$(inherited) @executable_path/Frameworks";
				PRODUCT_NAME = "$(TARGET_NAME)";
			};
			name = Debug;
		};
		8452992E1A6C4CF90054D78B /* Release */ = {
			isa = XCBuildConfiguration;
			buildSettings = {
				ASSETCATALOG_COMPILER_APPICON_NAME = AppIcon;
				INFOPLIST_FILE = Stormy/Info.plist;
				LD_RUNPATH_SEARCH_PATHS = "$(inherited) @executable_path/Frameworks";
				PRODUCT_NAME = "$(TARGET_NAME)";
			};
			name = Release;
		};
		845299301A6C4CF90054D78B /* Debug */ = {
			isa = XCBuildConfiguration;
			buildSettings = {
				BUNDLE_LOADER = "$(TEST_HOST)";
				FRAMEWORK_SEARCH_PATHS = (
					"$(SDKROOT)/Developer/Library/Frameworks",
					"$(inherited)",
				);
				GCC_PREPROCESSOR_DEFINITIONS = (
					"DEBUG=1",
					"$(inherited)",
				);
				INFOPLIST_FILE = StormyTests/Info.plist;
				LD_RUNPATH_SEARCH_PATHS = "$(inherited) @executable_path/Frameworks @loader_path/Frameworks";
				PRODUCT_NAME = "$(TARGET_NAME)";
				TEST_HOST = "$(BUILT_PRODUCTS_DIR)/Stormy.app/Stormy";
			};
			name = Debug;
		};
		845299311A6C4CF90054D78B /* Release */ = {
			isa = XCBuildConfiguration;
			buildSettings = {
				BUNDLE_LOADER = "$(TEST_HOST)";
				FRAMEWORK_SEARCH_PATHS = (
					"$(SDKROOT)/Developer/Library/Frameworks",
					"$(inherited)",
				);
				INFOPLIST_FILE = StormyTests/Info.plist;
				LD_RUNPATH_SEARCH_PATHS = "$(inherited) @executable_path/Frameworks @loader_path/Frameworks";
				PRODUCT_NAME = "$(TARGET_NAME)";
				TEST_HOST = "$(BUILT_PRODUCTS_DIR)/Stormy.app/Stormy";
			};
			name = Release;
		};
/* End XCBuildConfiguration section */

/* Begin XCConfigurationList section */
		845299081A6C4CF80054D78B /* Build configuration list for PBXProject "Stormy" */ = {
			isa = XCConfigurationList;
			buildConfigurations = (
				8452992A1A6C4CF90054D78B /* Debug */,
				8452992B1A6C4CF90054D78B /* Release */,
			);
			defaultConfigurationIsVisible = 0;
			defaultConfigurationName = Release;
		};
		8452992C1A6C4CF90054D78B /* Build configuration list for PBXNativeTarget "Stormy" */ = {
			isa = XCConfigurationList;
			buildConfigurations = (
				8452992D1A6C4CF90054D78B /* Debug */,
				8452992E1A6C4CF90054D78B /* Release */,
			);
			defaultConfigurationIsVisible = 0;
		};
		8452992F1A6C4CF90054D78B /* Build configuration list for PBXNativeTarget "StormyTests" */ = {
			isa = XCConfigurationList;
			buildConfigurations = (
				845299301A6C4CF90054D78B /* Debug */,
				845299311A6C4CF90054D78B /* Release */,
			);
			defaultConfigurationIsVisible = 0;
		};
/* End XCConfigurationList section */
	};
	rootObject = 845299051A6C4CF80054D78B /* Project object */;
}
